// !$*UTF8*$!
{
	archiveVersion = 1;
	classes = {
	};
	objectVersion = 46;
	objects = {

/* Begin PBXBuildFile section */
		A659422A17E24722008AC7A5 /* VertexBuffer.cpp in Sources */ = {isa = PBXBuildFile; fileRef = A659422817E24722008AC7A5 /* VertexBuffer.cpp */; };
		A6627F821830367300911553 /* CameraSystem.cpp in Sources */ = {isa = PBXBuildFile; fileRef = A6627F801830367300911553 /* CameraSystem.cpp */; };
		A68A625617F613E600E3AA29 /* ColorShader.vsh in CopyFiles */ = {isa = PBXBuildFile; fileRef = A6A15F8217EF343300818E9D /* ColorShader.vsh */; };
		A68A625717F613E600E3AA29 /* ColorShader.fsh in CopyFiles */ = {isa = PBXBuildFile; fileRef = A6A15F8417EF344100818E9D /* ColorShader.fsh */; };
		A68DEADA183BEDBA00C91585 /* Scene.cpp in Sources */ = {isa = PBXBuildFile; fileRef = A68DEAD8183BEDBA00C91585 /* Scene.cpp */; };
		A68E256917E3589A0004F49F /* ShaderLoader.cpp in Sources */ = {isa = PBXBuildFile; fileRef = A68E256717E3589A0004F49F /* ShaderLoader.cpp */; };
		A68F2E6C18454216009EFC67 /* PlayerInputSystem.cpp in Sources */ = {isa = PBXBuildFile; fileRef = A68F2E6A18454216009EFC67 /* PlayerInputSystem.cpp */; };
		A6991A73186785690057216E /* Matrix3.cpp in Sources */ = {isa = PBXBuildFile; fileRef = A6991A71186785690057216E /* Matrix3.cpp */; };
		A6991A7618678B440057216E /* Vector2.cpp in Sources */ = {isa = PBXBuildFile; fileRef = A6991A7418678B440057216E /* Vector2.cpp */; };
		A69BA1AF17D34EF400AAF8F3 /* main.cpp in Sources */ = {isa = PBXBuildFile; fileRef = A69BA1AE17D34EF400AAF8F3 /* main.cpp */; };
		A69BA1B117D34EF400AAF8F3 /* SimpleFPS.1 in CopyFiles */ = {isa = PBXBuildFile; fileRef = A69BA1B017D34EF400AAF8F3 /* SimpleFPS.1 */; };
		A69BA1B817D34F0C00AAF8F3 /* OpenGL.framework in Frameworks */ = {isa = PBXBuildFile; fileRef = A69BA1B717D34F0C00AAF8F3 /* OpenGL.framework */; };
		A69BA1BA17D34F1300AAF8F3 /* libglfw3.dylib in Frameworks */ = {isa = PBXBuildFile; fileRef = A69BA1B917D34F1300AAF8F3 /* libglfw3.dylib */; };
		A69BA1BE17D34F4200AAF8F3 /* GameManager.cpp in Sources */ = {isa = PBXBuildFile; fileRef = A69BA1BC17D34F4200AAF8F3 /* GameManager.cpp */; };
		A6A15F8817EF40B600818E9D /* ShaderInterface.cpp in Sources */ = {isa = PBXBuildFile; fileRef = A6A15F8617EF40B600818E9D /* ShaderInterface.cpp */; };
		A6A456EB17DC953D00350C0F /* RenderSystem.cpp in Sources */ = {isa = PBXBuildFile; fileRef = A6A456E917DC953D00350C0F /* RenderSystem.cpp */; };
		A6B41E5F17FF692700EEC842 /* SimpleLightShader.vsh in CopyFiles */ = {isa = PBXBuildFile; fileRef = A6B41E5B17FF65FC00EEC842 /* SimpleLightShader.vsh */; };
		A6B41E6017FF692700EEC842 /* SimpleLightShader.fsh in CopyFiles */ = {isa = PBXBuildFile; fileRef = A6B41E5D17FF660D00EEC842 /* SimpleLightShader.fsh */; };
		A6E43F94180497B800E03146 /* Vector4.cpp in Sources */ = {isa = PBXBuildFile; fileRef = A6E43F92180497B800E03146 /* Vector4.cpp */; };
		A6E43F971804988900E03146 /* ShaderData.cpp in Sources */ = {isa = PBXBuildFile; fileRef = A6E43F951804988900E03146 /* ShaderData.cpp */; };
		A6EAC9B91811D7D4009D93F4 /* MovementSystem.cpp in Sources */ = {isa = PBXBuildFile; fileRef = A6EAC9B71811D7D4009D93F4 /* MovementSystem.cpp */; };
		A6EB3F5D1808A06500BDA71E /* Entity.cpp in Sources */ = {isa = PBXBuildFile; fileRef = A6EB3F5B1808A06500BDA71E /* Entity.cpp */; };
		A6EE7C4D17FA110100C5335A /* Vector3.cpp in Sources */ = {isa = PBXBuildFile; fileRef = A6EE7C4B17FA110100C5335A /* Vector3.cpp */; };
		A6EE7C5117FA11D200C5335A /* ResourceManager.cpp in Sources */ = {isa = PBXBuildFile; fileRef = A6EE7C4F17FA11D200C5335A /* ResourceManager.cpp */; };
/* End PBXBuildFile section */

/* Begin PBXCopyFilesBuildPhase section */
		A69BA1A917D34EF400AAF8F3 /* CopyFiles */ = {
			isa = PBXCopyFilesBuildPhase;
			buildActionMask = 12;
			dstPath = "";
			dstSubfolderSpec = 16;
			files = (
				A6B41E5F17FF692700EEC842 /* SimpleLightShader.vsh in CopyFiles */,
				A6B41E6017FF692700EEC842 /* SimpleLightShader.fsh in CopyFiles */,
				A68A625617F613E600E3AA29 /* ColorShader.vsh in CopyFiles */,
				A68A625717F613E600E3AA29 /* ColorShader.fsh in CopyFiles */,
				A69BA1B117D34EF400AAF8F3 /* SimpleFPS.1 in CopyFiles */,
			);
			runOnlyForDeploymentPostprocessing = 0;
		};
/* End PBXCopyFilesBuildPhase section */

/* Begin PBXFileReference section */
		A62582AD17FB688400FE4BC0 /* TraingleVertices.h */ = {isa = PBXFileReference; lastKnownFileType = sourcecode.c.h; path = TraingleVertices.h; sourceTree = "<group>"; };
		A659422817E24722008AC7A5 /* VertexBuffer.cpp */ = {isa = PBXFileReference; fileEncoding = 4; lastKnownFileType = sourcecode.cpp.cpp; path = VertexBuffer.cpp; sourceTree = "<group>"; };
		A659422917E24722008AC7A5 /* VertexBuffer.h */ = {isa = PBXFileReference; fileEncoding = 4; lastKnownFileType = sourcecode.c.h; path = VertexBuffer.h; sourceTree = "<group>"; };
		A6627F801830367300911553 /* CameraSystem.cpp */ = {isa = PBXFileReference; fileEncoding = 4; lastKnownFileType = sourcecode.cpp.cpp; path = CameraSystem.cpp; sourceTree = "<group>"; };
		A6627F811830367300911553 /* CameraSystem.h */ = {isa = PBXFileReference; fileEncoding = 4; lastKnownFileType = sourcecode.c.h; path = CameraSystem.h; sourceTree = "<group>"; };
		A68DEAD8183BEDBA00C91585 /* Scene.cpp */ = {isa = PBXFileReference; fileEncoding = 4; lastKnownFileType = sourcecode.cpp.cpp; path = Scene.cpp; sourceTree = "<group>"; };
		A68DEAD9183BEDBA00C91585 /* Scene.h */ = {isa = PBXFileReference; fileEncoding = 4; lastKnownFileType = sourcecode.c.h; path = Scene.h; sourceTree = "<group>"; };
		A68E256717E3589A0004F49F /* ShaderLoader.cpp */ = {isa = PBXFileReference; fileEncoding = 4; lastKnownFileType = sourcecode.cpp.cpp; path = ShaderLoader.cpp; sourceTree = "<group>"; };
		A68E256817E3589A0004F49F /* ShaderLoader.h */ = {isa = PBXFileReference; fileEncoding = 4; lastKnownFileType = sourcecode.c.h; path = ShaderLoader.h; sourceTree = "<group>"; };
		A68F2E6A18454216009EFC67 /* PlayerInputSystem.cpp */ = {isa = PBXFileReference; fileEncoding = 4; lastKnownFileType = sourcecode.cpp.cpp; path = PlayerInputSystem.cpp; sourceTree = "<group>"; };
		A68F2E6B18454216009EFC67 /* PlayerInputSystem.h */ = {isa = PBXFileReference; fileEncoding = 4; lastKnownFileType = sourcecode.c.h; path = PlayerInputSystem.h; sourceTree = "<group>"; };
		A6991A71186785690057216E /* Matrix3.cpp */ = {isa = PBXFileReference; fileEncoding = 4; lastKnownFileType = sourcecode.cpp.cpp; path = Matrix3.cpp; sourceTree = "<group>"; };
		A6991A72186785690057216E /* Matrix3.h */ = {isa = PBXFileReference; fileEncoding = 4; lastKnownFileType = sourcecode.c.h; path = Matrix3.h; sourceTree = "<group>"; };
		A6991A7418678B440057216E /* Vector2.cpp */ = {isa = PBXFileReference; fileEncoding = 4; lastKnownFileType = sourcecode.cpp.cpp; path = Vector2.cpp; sourceTree = "<group>"; };
		A6991A7518678B440057216E /* Vector2.h */ = {isa = PBXFileReference; fileEncoding = 4; lastKnownFileType = sourcecode.c.h; path = Vector2.h; sourceTree = "<group>"; };
		A69BA1AB17D34EF400AAF8F3 /* SimpleFPS */ = {isa = PBXFileReference; explicitFileType = "compiled.mach-o.executable"; includeInIndex = 0; path = SimpleFPS; sourceTree = BUILT_PRODUCTS_DIR; };
		A69BA1AE17D34EF400AAF8F3 /* main.cpp */ = {isa = PBXFileReference; lastKnownFileType = sourcecode.cpp.cpp; path = main.cpp; sourceTree = "<group>"; };
		A69BA1B017D34EF400AAF8F3 /* SimpleFPS.1 */ = {isa = PBXFileReference; lastKnownFileType = text.man; path = SimpleFPS.1; sourceTree = "<group>"; };
		A69BA1B717D34F0C00AAF8F3 /* OpenGL.framework */ = {isa = PBXFileReference; lastKnownFileType = wrapper.framework; name = OpenGL.framework; path = /System/Library/Frameworks/OpenGL.framework; sourceTree = "<absolute>"; };
		A69BA1B917D34F1300AAF8F3 /* libglfw3.dylib */ = {isa = PBXFileReference; lastKnownFileType = "compiled.mach-o.dylib"; name = libglfw3.dylib; path = /usr/local/lib/libglfw3.dylib; sourceTree = "<absolute>"; };
		A69BA1BC17D34F4200AAF8F3 /* GameManager.cpp */ = {isa = PBXFileReference; fileEncoding = 4; lastKnownFileType = sourcecode.cpp.cpp; path = GameManager.cpp; sourceTree = "<group>"; };
		A69BA1BD17D34F4200AAF8F3 /* GameManager.h */ = {isa = PBXFileReference; fileEncoding = 4; lastKnownFileType = sourcecode.c.h; path = GameManager.h; sourceTree = "<group>"; };
		A6A15F8217EF343300818E9D /* ColorShader.vsh */ = {isa = PBXFileReference; fileEncoding = 4; lastKnownFileType = sourcecode.glsl; path = ColorShader.vsh; sourceTree = "<group>"; };
		A6A15F8417EF344100818E9D /* ColorShader.fsh */ = {isa = PBXFileReference; fileEncoding = 4; lastKnownFileType = sourcecode.glsl; path = ColorShader.fsh; sourceTree = "<group>"; };
		A6A15F8617EF40B600818E9D /* ShaderInterface.cpp */ = {isa = PBXFileReference; fileEncoding = 4; lastKnownFileType = sourcecode.cpp.cpp; path = ShaderInterface.cpp; sourceTree = "<group>"; };
		A6A15F8717EF40B600818E9D /* ShaderInterface.h */ = {isa = PBXFileReference; fileEncoding = 4; lastKnownFileType = sourcecode.c.h; path = ShaderInterface.h; sourceTree = "<group>"; };
		A6A456E917DC953D00350C0F /* RenderSystem.cpp */ = {isa = PBXFileReference; fileEncoding = 4; lastKnownFileType = sourcecode.cpp.cpp; path = RenderSystem.cpp; sourceTree = "<group>"; };
		A6A456EA17DC953D00350C0F /* RenderSystem.h */ = {isa = PBXFileReference; fileEncoding = 4; lastKnownFileType = sourcecode.c.h; path = RenderSystem.h; sourceTree = "<group>"; };
		A6B41E5B17FF65FC00EEC842 /* SimpleLightShader.vsh */ = {isa = PBXFileReference; fileEncoding = 4; lastKnownFileType = sourcecode.glsl; path = SimpleLightShader.vsh; sourceTree = "<group>"; };
		A6B41E5D17FF660D00EEC842 /* SimpleLightShader.fsh */ = {isa = PBXFileReference; fileEncoding = 4; lastKnownFileType = sourcecode.glsl; path = SimpleLightShader.fsh; sourceTree = "<group>"; };
		A6B41E6117FF6D6300EEC842 /* CubeVertices.h */ = {isa = PBXFileReference; lastKnownFileType = sourcecode.c.h; path = CubeVertices.h; sourceTree = "<group>"; };
		A6E43F92180497B800E03146 /* Vector4.cpp */ = {isa = PBXFileReference; fileEncoding = 4; lastKnownFileType = sourcecode.cpp.cpp; path = Vector4.cpp; sourceTree = "<group>"; };
		A6E43F93180497B800E03146 /* Vector4.h */ = {isa = PBXFileReference; fileEncoding = 4; lastKnownFileType = sourcecode.c.h; path = Vector4.h; sourceTree = "<group>"; };
		A6E43F951804988900E03146 /* ShaderData.cpp */ = {isa = PBXFileReference; fileEncoding = 4; lastKnownFileType = sourcecode.cpp.cpp; path = ShaderData.cpp; sourceTree = "<group>"; };
		A6E43F961804988900E03146 /* ShaderData.h */ = {isa = PBXFileReference; fileEncoding = 4; lastKnownFileType = sourcecode.c.h; path = ShaderData.h; sourceTree = "<group>"; };
		A6EAC9B71811D7D4009D93F4 /* MovementSystem.cpp */ = {isa = PBXFileReference; fileEncoding = 4; lastKnownFileType = sourcecode.cpp.cpp; path = MovementSystem.cpp; sourceTree = "<group>"; };
		A6EAC9B81811D7D4009D93F4 /* MovementSystem.h */ = {isa = PBXFileReference; fileEncoding = 4; lastKnownFileType = sourcecode.c.h; path = MovementSystem.h; sourceTree = "<group>"; };
		A6EB3F5B1808A06500BDA71E /* Entity.cpp */ = {isa = PBXFileReference; fileEncoding = 4; lastKnownFileType = sourcecode.cpp.cpp; path = Entity.cpp; sourceTree = "<group>"; };
		A6EB3F5C1808A06500BDA71E /* Entity.h */ = {isa = PBXFileReference; fileEncoding = 4; lastKnownFileType = sourcecode.c.h; path = Entity.h; sourceTree = "<group>"; };
		A6EE7C4B17FA110100C5335A /* Vector3.cpp */ = {isa = PBXFileReference; fileEncoding = 4; lastKnownFileType = sourcecode.cpp.cpp; path = Vector3.cpp; sourceTree = "<group>"; };
		A6EE7C4C17FA110100C5335A /* Vector3.h */ = {isa = PBXFileReference; fileEncoding = 4; lastKnownFileType = sourcecode.c.h; path = Vector3.h; sourceTree = "<group>"; };
		A6EE7C4E17FA116A00C5335A /* VertexData.h */ = {isa = PBXFileReference; lastKnownFileType = sourcecode.c.h; path = VertexData.h; sourceTree = "<group>"; };
		A6EE7C4F17FA11D200C5335A /* ResourceManager.cpp */ = {isa = PBXFileReference; fileEncoding = 4; lastKnownFileType = sourcecode.cpp.cpp; path = ResourceManager.cpp; sourceTree = "<group>"; };
		A6EE7C5017FA11D200C5335A /* ResourceManager.h */ = {isa = PBXFileReference; fileEncoding = 4; lastKnownFileType = sourcecode.c.h; path = ResourceManager.h; sourceTree = "<group>"; };
/* End PBXFileReference section */

/* Begin PBXFrameworksBuildPhase section */
		A69BA1A817D34EF400AAF8F3 /* Frameworks */ = {
			isa = PBXFrameworksBuildPhase;
			buildActionMask = 2147483647;
			files = (
				A69BA1BA17D34F1300AAF8F3 /* libglfw3.dylib in Frameworks */,
				A69BA1B817D34F0C00AAF8F3 /* OpenGL.framework in Frameworks */,
			);
			runOnlyForDeploymentPostprocessing = 0;
		};
/* End PBXFrameworksBuildPhase section */

/* Begin PBXGroup section */
		A67B8B651807427E00478D49 /* SimpleLightShader */ = {
			isa = PBXGroup;
			children = (
				A6B41E5B17FF65FC00EEC842 /* SimpleLightShader.vsh */,
				A6B41E5D17FF660D00EEC842 /* SimpleLightShader.fsh */,
			);
			name = SimpleLightShader;
			sourceTree = "<group>";
		};
		A67B8B66180742A100478D49 /* Vector4 */ = {
			isa = PBXGroup;
			children = (
				A6E43F92180497B800E03146 /* Vector4.cpp */,
				A6E43F93180497B800E03146 /* Vector4.h */,
			);
			name = Vector4;
			sourceTree = "<group>";
		};
		A69A06DF1836CFB700BBF4CD /* DataModel Meshes */ = {
			isa = PBXGroup;
			children = (
				A6A15F8617EF40B600818E9D /* ShaderInterface.cpp */,
				A6A15F8717EF40B600818E9D /* ShaderInterface.h */,
				A6EE7C4E17FA116A00C5335A /* VertexData.h */,
				A6E43F951804988900E03146 /* ShaderData.cpp */,
				A6E43F961804988900E03146 /* ShaderData.h */,
				A659422817E24722008AC7A5 /* VertexBuffer.cpp */,
				A659422917E24722008AC7A5 /* VertexBuffer.h */,
				A68E256717E3589A0004F49F /* ShaderLoader.cpp */,
				A68E256817E3589A0004F49F /* ShaderLoader.h */,
			);
			name = "DataModel Meshes";
			sourceTree = "<group>";
		};
		A69BA1A217D34EF400AAF8F3 = {
			isa = PBXGroup;
			children = (
				A69BA1BB17D34F1800AAF8F3 /* Frameworks */,
				A69BA1AD17D34EF400AAF8F3 /* SimpleFPS */,
				A69BA1AC17D34EF400AAF8F3 /* Products */,
			);
			sourceTree = "<group>";
		};
		A69BA1AC17D34EF400AAF8F3 /* Products */ = {
			isa = PBXGroup;
			children = (
				A69BA1AB17D34EF400AAF8F3 /* SimpleFPS */,
			);
			name = Products;
			sourceTree = "<group>";
		};
		A69BA1AD17D34EF400AAF8F3 /* SimpleFPS */ = {
			isa = PBXGroup;
			children = (
				A67B8B66180742A100478D49 /* Vector4 */,
				A69A06DF1836CFB700BBF4CD /* DataModel Meshes */,
				A67B8B651807427E00478D49 /* SimpleLightShader */,
				A6B41E1117FF5E7F00EEC842 /* Resources */,
				A6B41E1017FF5E5800EEC842 /* Vector3 */,
				A6B41E0F17FF5E4100EEC842 /* ColorShader */,
				A69BA1AE17D34EF400AAF8F3 /* main.cpp */,
				A69BA1BC17D34F4200AAF8F3 /* GameManager.cpp */,
				A69BA1BD17D34F4200AAF8F3 /* GameManager.h */,
				A68F2E6A18454216009EFC67 /* PlayerInputSystem.cpp */,
				A68F2E6B18454216009EFC67 /* PlayerInputSystem.h */,
				A68DEAD8183BEDBA00C91585 /* Scene.cpp */,
				A68DEAD9183BEDBA00C91585 /* Scene.h */,
				A6627F801830367300911553 /* CameraSystem.cpp */,
				A6627F811830367300911553 /* CameraSystem.h */,
				A6A456E917DC953D00350C0F /* RenderSystem.cpp */,
				A6A456EA17DC953D00350C0F /* RenderSystem.h */,
				A6EE7C4F17FA11D200C5335A /* ResourceManager.cpp */,
				A6EE7C5017FA11D200C5335A /* ResourceManager.h */,
				A6EB3F5B1808A06500BDA71E /* Entity.cpp */,
				A6EB3F5C1808A06500BDA71E /* Entity.h */,
				A6EAC9B71811D7D4009D93F4 /* MovementSystem.cpp */,
				A6EAC9B81811D7D4009D93F4 /* MovementSystem.h */,
				A6991A71186785690057216E /* Matrix3.cpp */,
				A6991A72186785690057216E /* Matrix3.h */,
				A6991A7418678B440057216E /* Vector2.cpp */,
				A6991A7518678B440057216E /* Vector2.h */,
				A69BA1B017D34EF400AAF8F3 /* SimpleFPS.1 */,
			);
			path = SimpleFPS;
			sourceTree = "<group>";
		};
		A69BA1BB17D34F1800AAF8F3 /* Frameworks */ = {
			isa = PBXGroup;
			children = (
				A69BA1B917D34F1300AAF8F3 /* libglfw3.dylib */,
				A69BA1B717D34F0C00AAF8F3 /* OpenGL.framework */,
			);
			name = Frameworks;
			sourceTree = "<group>";
		};
		A6B41E0F17FF5E4100EEC842 /* ColorShader */ = {
			isa = PBXGroup;
			children = (
				A6A15F8217EF343300818E9D /* ColorShader.vsh */,
				A6A15F8417EF344100818E9D /* ColorShader.fsh */,
			);
			name = ColorShader;
			sourceTree = "<group>";
		};
		A6B41E1017FF5E5800EEC842 /* Vector3 */ = {
			isa = PBXGroup;
			children = (
				A6EE7C4B17FA110100C5335A /* Vector3.cpp */,
				A6EE7C4C17FA110100C5335A /* Vector3.h */,
			);
			name = Vector3;
			sourceTree = "<group>";
		};
		A6B41E1117FF5E7F00EEC842 /* Resources */ = {
			isa = PBXGroup;
			children = (
				A6B41E6117FF6D6300EEC842 /* CubeVertices.h */,
				A62582AD17FB688400FE4BC0 /* TraingleVertices.h */,
			);
			name = Resources;
			sourceTree = "<group>";
		};
/* End PBXGroup section */

/* Begin PBXNativeTarget section */
		A69BA1AA17D34EF400AAF8F3 /* SimpleFPS */ = {
			isa = PBXNativeTarget;
			buildConfigurationList = A69BA1B417D34EF400AAF8F3 /* Build configuration list for PBXNativeTarget "SimpleFPS" */;
			buildPhases = (
				A69BA1A717D34EF400AAF8F3 /* Sources */,
				A69BA1A817D34EF400AAF8F3 /* Frameworks */,
				A69BA1A917D34EF400AAF8F3 /* CopyFiles */,
			);
			buildRules = (
			);
			dependencies = (
			);
			name = SimpleFPS;
			productName = SimpleFPS;
			productReference = A69BA1AB17D34EF400AAF8F3 /* SimpleFPS */;
			productType = "com.apple.product-type.tool";
		};
/* End PBXNativeTarget section */

/* Begin PBXProject section */
		A69BA1A317D34EF400AAF8F3 /* Project object */ = {
			isa = PBXProject;
			attributes = {
				LastUpgradeCheck = 0500;
				ORGANIZATIONNAME = "Dimitriy Dounaev";
			};
			buildConfigurationList = A69BA1A617D34EF400AAF8F3 /* Build configuration list for PBXProject "SimpleFPS" */;
			compatibilityVersion = "Xcode 3.2";
			developmentRegion = English;
			hasScannedForEncodings = 0;
			knownRegions = (
				en,
			);
			mainGroup = A69BA1A217D34EF400AAF8F3;
			productRefGroup = A69BA1AC17D34EF400AAF8F3 /* Products */;
			projectDirPath = "";
			projectRoot = "";
			targets = (
				A69BA1AA17D34EF400AAF8F3 /* SimpleFPS */,
			);
		};
/* End PBXProject section */

/* Begin PBXSourcesBuildPhase section */
		A69BA1A717D34EF400AAF8F3 /* Sources */ = {
			isa = PBXSourcesBuildPhase;
			buildActionMask = 2147483647;
			files = (
				A69BA1AF17D34EF400AAF8F3 /* main.cpp in Sources */,
				A6E43F94180497B800E03146 /* Vector4.cpp in Sources */,
				A69BA1BE17D34F4200AAF8F3 /* GameManager.cpp in Sources */,
				A6EB3F5D1808A06500BDA71E /* Entity.cpp in Sources */,
				A6991A73186785690057216E /* Matrix3.cpp in Sources */,
				A6A456EB17DC953D00350C0F /* RenderSystem.cpp in Sources */,
				A68F2E6C18454216009EFC67 /* PlayerInputSystem.cpp in Sources */,
				A6627F821830367300911553 /* CameraSystem.cpp in Sources */,
				A6E43F971804988900E03146 /* ShaderData.cpp in Sources */,
				A6A15F8817EF40B600818E9D /* ShaderInterface.cpp in Sources */,
				A68DEADA183BEDBA00C91585 /* Scene.cpp in Sources */,
				A6EAC9B91811D7D4009D93F4 /* MovementSystem.cpp in Sources */,
				A6EE7C4D17FA110100C5335A /* Vector3.cpp in Sources */,
				A659422A17E24722008AC7A5 /* VertexBuffer.cpp in Sources */,
				A68E256917E3589A0004F49F /* ShaderLoader.cpp in Sources */,
				A6991A7618678B440057216E /* Vector2.cpp in Sources */,
				A6EE7C5117FA11D200C5335A /* ResourceManager.cpp in Sources */,
			);
			runOnlyForDeploymentPostprocessing = 0;
		};
/* End PBXSourcesBuildPhase section */

/* Begin XCBuildConfiguration section */
		A69BA1B217D34EF400AAF8F3 /* Debug */ = {
			isa = XCBuildConfiguration;
			buildSettings = {
				ALWAYS_SEARCH_USER_PATHS = NO;
				ARCHS = "$(ARCHS_STANDARD)";
				CLANG_CXX_LANGUAGE_STANDARD = "gnu++0x";
				CLANG_CXX_LIBRARY = "libc++";
				CLANG_ENABLE_OBJC_ARC = YES;
				CLANG_WARN_CONSTANT_CONVERSION = YES;
				CLANG_WARN_EMPTY_BODY = YES;
				CLANG_WARN_ENUM_CONVERSION = YES;
				CLANG_WARN_INT_CONVERSION = YES;
				CLANG_WARN__DUPLICATE_METHOD_MATCH = YES;
				COPY_PHASE_STRIP = NO;
				GCC_C_LANGUAGE_STANDARD = gnu99;
				GCC_DYNAMIC_NO_PIC = NO;
				GCC_ENABLE_OBJC_EXCEPTIONS = YES;
				GCC_OPTIMIZATION_LEVEL = 0;
				GCC_PREPROCESSOR_DEFINITIONS = (
					"DEBUG=1",
					"$(inherited)",
				);
				GCC_SYMBOLS_PRIVATE_EXTERN = NO;
				GCC_WARN_64_TO_32_BIT_CONVERSION = YES;
				GCC_WARN_ABOUT_RETURN_TYPE = YES;
				GCC_WARN_UNINITIALIZED_AUTOS = YES;
				GCC_WARN_UNUSED_VARIABLE = YES;
				HEADER_SEARCH_PATHS = (
					"$(inherited)",
					/Applications/Xcode.app/Contents/Developer/Toolchains/XcodeDefault.xctoolchain/usr/include,
					/usr/local/include,
				);
				LIBRARY_SEARCH_PATHS = /usr/local/lib;
				MACOSX_DEPLOYMENT_TARGET = 10.8;
				ONLY_ACTIVE_ARCH = YES;
				SDKROOT = macosx10.8;
				USER_HEADER_SEARCH_PATHS = "";
			};
			name = Debug;
		};
		A69BA1B317D34EF400AAF8F3 /* Release */ = {
			isa = XCBuildConfiguration;
			buildSettings = {
				ALWAYS_SEARCH_USER_PATHS = NO;
				ARCHS = "$(ARCHS_STANDARD)";
				CLANG_CXX_LANGUAGE_STANDARD = "gnu++0x";
				CLANG_CXX_LIBRARY = "libc++";
				CLANG_ENABLE_OBJC_ARC = YES;
				CLANG_WARN_CONSTANT_CONVERSION = YES;
				CLANG_WARN_EMPTY_BODY = YES;
				CLANG_WARN_ENUM_CONVERSION = YES;
				CLANG_WARN_INT_CONVERSION = YES;
				CLANG_WARN__DUPLICATE_METHOD_MATCH = YES;
				COPY_PHASE_STRIP = YES;
				DEBUG_INFORMATION_FORMAT = "dwarf-with-dsym";
				GCC_C_LANGUAGE_STANDARD = gnu99;
				GCC_ENABLE_OBJC_EXCEPTIONS = YES;
				GCC_WARN_64_TO_32_BIT_CONVERSION = YES;
				GCC_WARN_ABOUT_RETURN_TYPE = YES;
				GCC_WARN_UNINITIALIZED_AUTOS = YES;
				GCC_WARN_UNUSED_VARIABLE = YES;
				HEADER_SEARCH_PATHS = (
					"$(inherited)",
					/Applications/Xcode.app/Contents/Developer/Toolchains/XcodeDefault.xctoolchain/usr/include,
					/usr/local/include,
				);
				LIBRARY_SEARCH_PATHS = /usr/local/lib;
				MACOSX_DEPLOYMENT_TARGET = 10.8;
				ONLY_ACTIVE_ARCH = NO;
				SDKROOT = macosx10.8;
				USER_HEADER_SEARCH_PATHS = "";
			};
			name = Release;
		};
		A69BA1B517D34EF400AAF8F3 /* Debug */ = {
			isa = XCBuildConfiguration;
			buildSettings = {
				HEADER_SEARCH_PATHS = (
					"$(inherited)",
					/Applications/Xcode.app/Contents/Developer/Toolchains/XcodeDefault.xctoolchain/usr/include,
					/usr/local/include,
				);
				LIBRARY_SEARCH_PATHS = /usr/local/lib;
				PRODUCT_NAME = "$(TARGET_NAME)";
				SDKROOT = macosx;
			};
			name = Debug;
		};
		A69BA1B617D34EF400AAF8F3 /* Release */ = {
			isa = XCBuildConfiguration;
			buildSettings = {
				HEADER_SEARCH_PATHS = (
					"$(inherited)",
					/Applications/Xcode.app/Contents/Developer/Toolchains/XcodeDefault.xctoolchain/usr/include,
					/usr/local/include,
				);
				LIBRARY_SEARCH_PATHS = /usr/local/lib;
				PRODUCT_NAME = "$(TARGET_NAME)";
				SDKROOT = macosx;
			};
			name = Release;
		};
/* End XCBuildConfiguration section */

/* Begin XCConfigurationList section */
		A69BA1A617D34EF400AAF8F3 /* Build configuration list for PBXProject "SimpleFPS" */ = {
			isa = XCConfigurationList;
			buildConfigurations = (
				A69BA1B217D34EF400AAF8F3 /* Debug */,
				A69BA1B317D34EF400AAF8F3 /* Release */,
			);
			defaultConfigurationIsVisible = 0;
			defaultConfigurationName = Debug;
		};
		A69BA1B417D34EF400AAF8F3 /* Build configuration list for PBXNativeTarget "SimpleFPS" */ = {
			isa = XCConfigurationList;
			buildConfigurations = (
				A69BA1B517D34EF400AAF8F3 /* Debug */,
				A69BA1B617D34EF400AAF8F3 /* Release */,
			);
			defaultConfigurationIsVisible = 0;
			defaultConfigurationName = Debug;
		};
/* End XCConfigurationList section */
	};
	rootObject = A69BA1A317D34EF400AAF8F3 /* Project object */;
}
